
Microsoft Visual Studio Solution File, Format Version 12.00
# Visual Studio Version 17
VisualStudioVersion = 17.5.33516.290
MinimumVisualStudioVersion = 10.0.40219.1
Project("{9A19103F-16F7-4668-BE54-9A1E7A4F7556}") = "SinafApi", "SinafApi.csproj", "{18B3E2E4-5CF8-46EB-815B-2856931914F9}"
EndProject
Global
	GlobalSection(SolutionConfigurationPlatforms) = preSolution
		Debug|Any CPU = Debug|Any CPU
		Release|Any CPU = Release|Any CPU
	EndGlobalSection
	GlobalSection(ProjectConfigurationPlatforms) = postSolution
		{18B3E2E4-5CF8-46EB-815B-2856931914F9}.Debug|Any CPU.ActiveCfg = Debug|Any CPU
		{18B3E2E4-5CF8-46EB-815B-2856931914F9}.Debug|Any CPU.Build.0 = Debug|Any CPU
		{18B3E2E4-5CF8-46EB-815B-2856931914F9}.Release|Any CPU.ActiveCfg = Release|Any CPU
		{18B3E2E4-5CF8-46EB-815B-2856931914F9}.Release|Any CPU.Build.0 = Release|Any CPU
	EndGlobalSection
	GlobalSection(SolutionProperties) = preSolution
		HideSolutionNode = FALSE
	EndGlobalSection
	GlobalSection(ExtensibilityGlobals) = postSolution
		SolutionGuid = {383BCB04-780A-4EDB-9051-32ACC29A6A5C}
	EndGlobalSection
EndGlobal
